{
  "name": "changelog-from-files",
  "version": "0.1.2",
  "lockfileVersion": 3,
  "requires": true,
  "packages": {
    "": {
      "name": "changelog-from-files",
      "version": "0.1.2",
      "license": "Apache-2.0",
      "bin": {
        "changelog-from-files": "src/index.js"
      },
      "engines": {
        "node": ">= 12",
        "npm": ">= 6.9"
      }
    }
  }
}
